
Microsoft Visual Studio Solution File, Format Version 12.00
# Visual Studio 15
VisualStudioVersion = 15.0.28307.902
MinimumVisualStudioVersion = 10.0.40219.1
Project("{FAE04EC0-301F-11D3-BF4B-00C04F79EFBC}") = "JenkinsWebHook", "JenkinsWebHook\JenkinsWebHook.csproj", "{F5DE3ED3-6C17-422E-9494-FA9454809F22}"
EndProject
Project("{FAE04EC0-301F-11D3-BF4B-00C04F79EFBC}") = "JenkinsWebHook.Bll", "JenkinsWebHook.Bll\JenkinsWebHook.Bll.csproj", "{BA3E4158-069A-46CD-9095-FB7EC61FEC3E}"
EndProject
Project("{E53339B2-1760-4266-BCC7-CA923CBCF16C}") = "docker-compose", "docker-compose.dcproj", "{0E1D5D94-E678-4B5E-827C-31A279EF1C7B}"
EndProject
Global
	GlobalSection(SolutionConfigurationPlatforms) = preSolution
		Debug|Any CPU = Debug|Any CPU
		Release|Any CPU = Release|Any CPU
	EndGlobalSection
	GlobalSection(ProjectConfigurationPlatforms) = postSolution
		{F5DE3ED3-6C17-422E-9494-FA9454809F22}.Debug|Any CPU.ActiveCfg = Debug|Any CPU
		{F5DE3ED3-6C17-422E-9494-FA9454809F22}.Debug|Any CPU.Build.0 = Debug|Any CPU
		{F5DE3ED3-6C17-422E-9494-FA9454809F22}.Release|Any CPU.ActiveCfg = Release|Any CPU
		{F5DE3ED3-6C17-422E-9494-FA9454809F22}.Release|Any CPU.Build.0 = Release|Any CPU
		{BA3E4158-069A-46CD-9095-FB7EC61FEC3E}.Debug|Any CPU.ActiveCfg = Debug|Any CPU
		{BA3E4158-069A-46CD-9095-FB7EC61FEC3E}.Debug|Any CPU.Build.0 = Debug|Any CPU
		{BA3E4158-069A-46CD-9095-FB7EC61FEC3E}.Release|Any CPU.ActiveCfg = Release|Any CPU
		{BA3E4158-069A-46CD-9095-FB7EC61FEC3E}.Release|Any CPU.Build.0 = Release|Any CPU
		{0E1D5D94-E678-4B5E-827C-31A279EF1C7B}.Debug|Any CPU.ActiveCfg = Debug|Any CPU
		{0E1D5D94-E678-4B5E-827C-31A279EF1C7B}.Debug|Any CPU.Build.0 = Debug|Any CPU
		{0E1D5D94-E678-4B5E-827C-31A279EF1C7B}.Release|Any CPU.ActiveCfg = Release|Any CPU
		{0E1D5D94-E678-4B5E-827C-31A279EF1C7B}.Release|Any CPU.Build.0 = Release|Any CPU
	EndGlobalSection
	GlobalSection(SolutionProperties) = preSolution
		HideSolutionNode = FALSE
	EndGlobalSection
	GlobalSection(ExtensibilityGlobals) = postSolution
		SolutionGuid = {82A1FC9E-B0F4-44FE-BB4E-EAF41720BF5C}
	EndGlobalSection
EndGlobal
